// !$*UTF8*$!
{
	archiveVersion = 1;
	classes = {
	};
	objectVersion = 50;
	objects = {

/* Begin PBXBuildFile section */
		E02B5F4321C7A1EA00270B7A /* AppDelegate.swift in Sources */ = {isa = PBXBuildFile; fileRef = E02B5F4221C7A1EA00270B7A /* AppDelegate.swift */; };
		E02B5F4521C7A1EA00270B7A /* ViewController.swift in Sources */ = {isa = PBXBuildFile; fileRef = E02B5F4421C7A1EA00270B7A /* ViewController.swift */; };
		E02B5F4821C7A1EA00270B7A /* Main.storyboard in Resources */ = {isa = PBXBuildFile; fileRef = E02B5F4621C7A1EA00270B7A /* Main.storyboard */; };
		E02B5F4A21C7A1EC00270B7A /* Assets.xcassets in Resources */ = {isa = PBXBuildFile; fileRef = E02B5F4921C7A1EC00270B7A /* Assets.xcassets */; };
		E02B5F4D21C7A1EC00270B7A /* LaunchScreen.storyboard in Resources */ = {isa = PBXBuildFile; fileRef = E02B5F4B21C7A1EC00270B7A /* LaunchScreen.storyboard */; };
		E02B5F5821C7A1EC00270B7A /* GpSwiftLearnOneTests.swift in Sources */ = {isa = PBXBuildFile; fileRef = E02B5F5721C7A1EC00270B7A /* GpSwiftLearnOneTests.swift */; };
		E02B5F6321C7A1EC00270B7A /* GpSwiftLearnOneUITests.swift in Sources */ = {isa = PBXBuildFile; fileRef = E02B5F6221C7A1EC00270B7A /* GpSwiftLearnOneUITests.swift */; };
/* End PBXBuildFile section */

/* Begin PBXContainerItemProxy section */
		E02B5F5421C7A1EC00270B7A /* PBXContainerItemProxy */ = {
			isa = PBXContainerItemProxy;
			containerPortal = E02B5F3721C7A1EA00270B7A /* Project object */;
			proxyType = 1;
			remoteGlobalIDString = E02B5F3E21C7A1EA00270B7A;
			remoteInfo = GpSwiftLearnOne;
		};
		E02B5F5F21C7A1EC00270B7A /* PBXContainerItemProxy */ = {
			isa = PBXContainerItemProxy;
			containerPortal = E02B5F3721C7A1EA00270B7A /* Project object */;
			proxyType = 1;
			remoteGlobalIDString = E02B5F3E21C7A1EA00270B7A;
			remoteInfo = GpSwiftLearnOne;
		};
/* End PBXContainerItemProxy section */

/* Begin PBXFileReference section */
		E02B5F3F21C7A1EA00270B7A /* GpSwiftLearnOne.app */ = {isa = PBXFileReference; explicitFileType = wrapper.application; includeInIndex = 0; path = GpSwiftLearnOne.app; sourceTree = BUILT_PRODUCTS_DIR; };
		E02B5F4221C7A1EA00270B7A /* AppDelegate.swift */ = {isa = PBXFileReference; lastKnownFileType = sourcecode.swift; path = AppDelegate.swift; sourceTree = "<group>"; };
		E02B5F4421C7A1EA00270B7A /* ViewController.swift */ = {isa = PBXFileReference; lastKnownFileType = sourcecode.swift; path = ViewController.swift; sourceTree = "<group>"; };
		E02B5F4721C7A1EA00270B7A /* Base */ = {isa = PBXFileReference; lastKnownFileType = file.storyboard; name = Base; path = Base.lproj/Main.storyboard; sourceTree = "<group>"; };
		E02B5F4921C7A1EC00270B7A /* Assets.xcassets */ = {isa = PBXFileReference; lastKnownFileType = folder.assetcatalog; path = Assets.xcassets; sourceTree = "<group>"; };
		E02B5F4C21C7A1EC00270B7A /* Base */ = {isa = PBXFileReference; lastKnownFileType = file.storyboard; name = Base; path = Base.lproj/LaunchScreen.storyboard; sourceTree = "<group>"; };
		E02B5F4E21C7A1EC00270B7A /* Info.plist */ = {isa = PBXFileReference; lastKnownFileType = text.plist.xml; path = Info.plist; sourceTree = "<group>"; };
		E02B5F5321C7A1EC00270B7A /* GpSwiftLearnOneTests.xctest */ = {isa = PBXFileReference; explicitFileType = wrapper.cfbundle; includeInIndex = 0; path = GpSwiftLearnOneTests.xctest; sourceTree = BUILT_PRODUCTS_DIR; };
		E02B5F5721C7A1EC00270B7A /* GpSwiftLearnOneTests.swift */ = {isa = PBXFileReference; lastKnownFileType = sourcecode.swift; path = GpSwiftLearnOneTests.swift; sourceTree = "<group>"; };
		E02B5F5921C7A1EC00270B7A /* Info.plist */ = {isa = PBXFileReference; lastKnownFileType = text.plist.xml; path = Info.plist; sourceTree = "<group>"; };
		E02B5F5E21C7A1EC00270B7A /* GpSwiftLearnOneUITests.xctest */ = {isa = PBXFileReference; explicitFileType = wrapper.cfbundle; includeInIndex = 0; path = GpSwiftLearnOneUITests.xctest; sourceTree = BUILT_PRODUCTS_DIR; };
		E02B5F6221C7A1EC00270B7A /* GpSwiftLearnOneUITests.swift */ = {isa = PBXFileReference; lastKnownFileType = sourcecode.swift; path = GpSwiftLearnOneUITests.swift; sourceTree = "<group>"; };
		E02B5F6421C7A1EC00270B7A /* Info.plist */ = {isa = PBXFileReference; lastKnownFileType = text.plist.xml; path = Info.plist; sourceTree = "<group>"; };
/* End PBXFileReference section */

/* Begin PBXFrameworksBuildPhase section */
		E02B5F3C21C7A1EA00270B7A /* Frameworks */ = {
			isa = PBXFrameworksBuildPhase;
			buildActionMask = 2147483647;
			files = (
			);
			runOnlyForDeploymentPostprocessing = 0;
		};
		E02B5F5021C7A1EC00270B7A /* Frameworks */ = {
			isa = PBXFrameworksBuildPhase;
			buildActionMask = 2147483647;
			files = (
			);
			runOnlyForDeploymentPostprocessing = 0;
		};
		E02B5F5B21C7A1EC00270B7A /* Frameworks */ = {
			isa = PBXFrameworksBuildPhase;
			buildActionMask = 2147483647;
			files = (
			);
			runOnlyForDeploymentPostprocessing = 0;
		};
/* End PBXFrameworksBuildPhase section */

/* Begin PBXGroup section */
		E02B5F3621C7A1EA00270B7A = {
			isa = PBXGroup;
			children = (
				E02B5F4121C7A1EA00270B7A /* GpSwiftLearnOne */,
				E02B5F5621C7A1EC00270B7A /* GpSwiftLearnOneTests */,
				E02B5F6121C7A1EC00270B7A /* GpSwiftLearnOneUITests */,
				E02B5F4021C7A1EA00270B7A /* Products */,
			);
			sourceTree = "<group>";
		};
		E02B5F4021C7A1EA00270B7A /* Products */ = {
			isa = PBXGroup;
			children = (
				E02B5F3F21C7A1EA00270B7A /* GpSwiftLearnOne.app */,
				E02B5F5321C7A1EC00270B7A /* GpSwiftLearnOneTests.xctest */,
				E02B5F5E21C7A1EC00270B7A /* GpSwiftLearnOneUITests.xctest */,
			);
			name = Products;
			sourceTree = "<group>";
		};
		E02B5F4121C7A1EA00270B7A /* GpSwiftLearnOne */ = {
			isa = PBXGroup;
			children = (
				E02B5F4221C7A1EA00270B7A /* AppDelegate.swift */,
				E02B5F4421C7A1EA00270B7A /* ViewController.swift */,
				E02B5F4621C7A1EA00270B7A /* Main.storyboard */,
				E02B5F4921C7A1EC00270B7A /* Assets.xcassets */,
				E02B5F4B21C7A1EC00270B7A /* LaunchScreen.storyboard */,
				E02B5F4E21C7A1EC00270B7A /* Info.plist */,
			);
			path = GpSwiftLearnOne;
			sourceTree = "<group>";
		};
		E02B5F5621C7A1EC00270B7A /* GpSwiftLearnOneTests */ = {
			isa = PBXGroup;
			children = (
				E02B5F5721C7A1EC00270B7A /* GpSwiftLearnOneTests.swift */,
				E02B5F5921C7A1EC00270B7A /* Info.plist */,
			);
			path = GpSwiftLearnOneTests;
			sourceTree = "<group>";
		};
		E02B5F6121C7A1EC00270B7A /* GpSwiftLearnOneUITests */ = {
			isa = PBXGroup;
			children = (
				E02B5F6221C7A1EC00270B7A /* GpSwiftLearnOneUITests.swift */,
				E02B5F6421C7A1EC00270B7A /* Info.plist */,
			);
			path = GpSwiftLearnOneUITests;
			sourceTree = "<group>";
		};
/* End PBXGroup section */

/* Begin PBXNativeTarget section */
		E02B5F3E21C7A1EA00270B7A /* GpSwiftLearnOne */ = {
			isa = PBXNativeTarget;
			buildConfigurationList = E02B5F6721C7A1EC00270B7A /* Build configuration list for PBXNativeTarget "GpSwiftLearnOne" */;
			buildPhases = (
				E02B5F3B21C7A1EA00270B7A /* Sources */,
				E02B5F3C21C7A1EA00270B7A /* Frameworks */,
				E02B5F3D21C7A1EA00270B7A /* Resources */,
			);
			buildRules = (
			);
			dependencies = (
			);
			name = GpSwiftLearnOne;
			productName = GpSwiftLearnOne;
			productReference = E02B5F3F21C7A1EA00270B7A /* GpSwiftLearnOne.app */;
			productType = "com.apple.product-type.application";
		};
		E02B5F5221C7A1EC00270B7A /* GpSwiftLearnOneTests */ = {
			isa = PBXNativeTarget;
			buildConfigurationList = E02B5F6A21C7A1EC00270B7A /* Build configuration list for PBXNativeTarget "GpSwiftLearnOneTests" */;
			buildPhases = (
				E02B5F4F21C7A1EC00270B7A /* Sources */,
				E02B5F5021C7A1EC00270B7A /* Frameworks */,
				E02B5F5121C7A1EC00270B7A /* Resources */,
			);
			buildRules = (
			);
			dependencies = (
				E02B5F5521C7A1EC00270B7A /* PBXTargetDependency */,
			);
			name = GpSwiftLearnOneTests;
			productName = GpSwiftLearnOneTests;
			productReference = E02B5F5321C7A1EC00270B7A /* GpSwiftLearnOneTests.xctest */;
			productType = "com.apple.product-type.bundle.unit-test";
		};
		E02B5F5D21C7A1EC00270B7A /* GpSwiftLearnOneUITests */ = {
			isa = PBXNativeTarget;
			buildConfigurationList = E02B5F6D21C7A1EC00270B7A /* Build configuration list for PBXNativeTarget "GpSwiftLearnOneUITests" */;
			buildPhases = (
				E02B5F5A21C7A1EC00270B7A /* Sources */,
				E02B5F5B21C7A1EC00270B7A /* Frameworks */,
				E02B5F5C21C7A1EC00270B7A /* Resources */,
			);
			buildRules = (
			);
			dependencies = (
				E02B5F6021C7A1EC00270B7A /* PBXTargetDependency */,
			);
			name = GpSwiftLearnOneUITests;
			productName = GpSwiftLearnOneUITests;
			productReference = E02B5F5E21C7A1EC00270B7A /* GpSwiftLearnOneUITests.xctest */;
			productType = "com.apple.product-type.bundle.ui-testing";
		};
/* End PBXNativeTarget section */

/* Begin PBXProject section */
		E02B5F3721C7A1EA00270B7A /* Project object */ = {
			isa = PBXProject;
			attributes = {
				LastSwiftUpdateCheck = 0940;
				LastUpgradeCheck = 0940;
				ORGANIZATIONNAME = "郭大侠";
				TargetAttributes = {
					E02B5F3E21C7A1EA00270B7A = {
						CreatedOnToolsVersion = 9.4;
					};
					E02B5F5221C7A1EC00270B7A = {
						CreatedOnToolsVersion = 9.4;
						TestTargetID = E02B5F3E21C7A1EA00270B7A;
					};
					E02B5F5D21C7A1EC00270B7A = {
						CreatedOnToolsVersion = 9.4;
						TestTargetID = E02B5F3E21C7A1EA00270B7A;
					};
				};
			};
			buildConfigurationList = E02B5F3A21C7A1EA00270B7A /* Build configuration list for PBXProject "GpSwiftLearnOne" */;
			compatibilityVersion = "Xcode 9.3";
			developmentRegion = en;
			hasScannedForEncodings = 0;
			knownRegions = (
				en,
				Base,
			);
			mainGroup = E02B5F3621C7A1EA00270B7A;
			productRefGroup = E02B5F4021C7A1EA00270B7A /* Products */;
			projectDirPath = "";
			projectRoot = "";
			targets = (
				E02B5F3E21C7A1EA00270B7A /* GpSwiftLearnOne */,
				E02B5F5221C7A1EC00270B7A /* GpSwiftLearnOneTests */,
				E02B5F5D21C7A1EC00270B7A /* GpSwiftLearnOneUITests */,
			);
		};
/* End PBXProject section */

/* Begin PBXResourcesBuildPhase section */
		E02B5F3D21C7A1EA00270B7A /* Resources */ = {
			isa = PBXResourcesBuildPhase;
			buildActionMask = 2147483647;
			files = (
				E02B5F4D21C7A1EC00270B7A /* LaunchScreen.storyboard in Resources */,
				E02B5F4A21C7A1EC00270B7A /* Assets.xcassets in Resources */,
				E02B5F4821C7A1EA00270B7A /* Main.storyboard in Resources */,
			);
			runOnlyForDeploymentPostprocessing = 0;
		};
		E02B5F5121C7A1EC00270B7A /* Resources */ = {
			isa = PBXResourcesBuildPhase;
			buildActionMask = 2147483647;
			files = (
			);
			runOnlyForDeploymentPostprocessing = 0;
		};
		E02B5F5C21C7A1EC00270B7A /* Resources */ = {
			isa = PBXResourcesBuildPhase;
			buildActionMask = 2147483647;
			files = (
			);
			runOnlyForDeploymentPostprocessing = 0;
		};
/* End PBXResourcesBuildPhase section */

/* Begin PBXSourcesBuildPhase section */
		E02B5F3B21C7A1EA00270B7A /* Sources */ = {
			isa = PBXSourcesBuildPhase;
			buildActionMask = 2147483647;
			files = (
				E02B5F4521C7A1EA00270B7A /* ViewController.swift in Sources */,
				E02B5F4321C7A1EA00270B7A /* AppDelegate.swift in Sources */,
			);
			runOnlyForDeploymentPostprocessing = 0;
		};
		E02B5F4F21C7A1EC00270B7A /* Sources */ = {
			isa = PBXSourcesBuildPhase;
			buildActionMask = 2147483647;
			files = (
				E02B5F5821C7A1EC00270B7A /* GpSwiftLearnOneTests.swift in Sources */,
			);
			runOnlyForDeploymentPostprocessing = 0;
		};
		E02B5F5A21C7A1EC00270B7A /* Sources */ = {
			isa = PBXSourcesBuildPhase;
			buildActionMask = 2147483647;
			files = (
				E02B5F6321C7A1EC00270B7A /* GpSwiftLearnOneUITests.swift in Sources */,
			);
			runOnlyForDeploymentPostprocessing = 0;
		};
/* End PBXSourcesBuildPhase section */

/* Begin PBXTargetDependency section */
		E02B5F5521C7A1EC00270B7A /* PBXTargetDependency */ = {
			isa = PBXTargetDependency;
			target = E02B5F3E21C7A1EA00270B7A /* GpSwiftLearnOne */;
			targetProxy = E02B5F5421C7A1EC00270B7A /* PBXContainerItemProxy */;
		};
		E02B5F6021C7A1EC00270B7A /* PBXTargetDependency */ = {
			isa = PBXTargetDependency;
			target = E02B5F3E21C7A1EA00270B7A /* GpSwiftLearnOne */;
			targetProxy = E02B5F5F21C7A1EC00270B7A /* PBXContainerItemProxy */;
		};
/* End PBXTargetDependency section */

/* Begin PBXVariantGroup section */
		E02B5F4621C7A1EA00270B7A /* Main.storyboard */ = {
			isa = PBXVariantGroup;
			children = (
				E02B5F4721C7A1EA00270B7A /* Base */,
			);
			name = Main.storyboard;
			sourceTree = "<group>";
		};
		E02B5F4B21C7A1EC00270B7A /* LaunchScreen.storyboard */ = {
			isa = PBXVariantGroup;
			children = (
				E02B5F4C21C7A1EC00270B7A /* Base */,
			);
			name = LaunchScreen.storyboard;
			sourceTree = "<group>";
		};
/* End PBXVariantGroup section */

/* Begin XCBuildConfiguration section */
		E02B5F6521C7A1EC00270B7A /* Debug */ = {
			isa = XCBuildConfiguration;
			buildSettings = {
				ALWAYS_SEARCH_USER_PATHS = NO;
				CLANG_ANALYZER_NONNULL = YES;
				CLANG_ANALYZER_NUMBER_OBJECT_CONVERSION = YES_AGGRESSIVE;
				CLANG_CXX_LANGUAGE_STANDARD = "gnu++14";
				CLANG_CXX_LIBRARY = "libc++";
				CLANG_ENABLE_MODULES = YES;
				CLANG_ENABLE_OBJC_ARC = YES;
				CLANG_ENABLE_OBJC_WEAK = YES;
				CLANG_WARN_BLOCK_CAPTURE_AUTORELEASING = YES;
				CLANG_WARN_BOOL_CONVERSION = YES;
				CLANG_WARN_COMMA = YES;
				CLANG_WARN_CONSTANT_CONVERSION = YES;
				CLANG_WARN_DEPRECATED_OBJC_IMPLEMENTATIONS = YES;
				CLANG_WARN_DIRECT_OBJC_ISA_USAGE = YES_ERROR;
				CLANG_WARN_DOCUMENTATION_COMMENTS = YES;
				CLANG_WARN_EMPTY_BODY = YES;
				CLANG_WARN_ENUM_CONVERSION = YES;
				CLANG_WARN_INFINITE_RECURSION = YES;
				CLANG_WARN_INT_CONVERSION = YES;
				CLANG_WARN_NON_LITERAL_NULL_CONVERSION = YES;
				CLANG_WARN_OBJC_IMPLICIT_RETAIN_SELF = YES;
				CLANG_WARN_OBJC_LITERAL_CONVERSION = YES;
				CLANG_WARN_OBJC_ROOT_CLASS = YES_ERROR;
				CLANG_WARN_RANGE_LOOP_ANALYSIS = YES;
				CLANG_WARN_STRICT_PROTOTYPES = YES;
				CLANG_WARN_SUSPICIOUS_MOVE = YES;
				CLANG_WARN_UNGUARDED_AVAILABILITY = YES_AGGRESSIVE;
				CLANG_WARN_UNREACHABLE_CODE = YES;
				CLANG_WARN__DUPLICATE_METHOD_MATCH = YES;
				CODE_SIGN_IDENTITY = "iPhone Developer";
				COPY_PHASE_STRIP = NO;
				DEBUG_INFORMATION_FORMAT = dwarf;
				ENABLE_STRICT_OBJC_MSGSEND = YES;
				ENABLE_TESTABILITY = YES;
				GCC_C_LANGUAGE_STANDARD = gnu11;
				GCC_DYNAMIC_NO_PIC = NO;
				GCC_NO_COMMON_BLOCKS = YES;
				GCC_OPTIMIZATION_LEVEL = 0;
				GCC_PREPROCESSOR_DEFINITIONS = (
					"DEBUG=1",
					"$(inherited)",
				);
				GCC_WARN_64_TO_32_BIT_CONVERSION = YES;
				GCC_WARN_ABOUT_RETURN_TYPE = YES_ERROR;
				GCC_WARN_UNDECLARED_SELECTOR = YES;
				GCC_WARN_UNINITIALIZED_AUTOS = YES_AGGRESSIVE;
				GCC_WARN_UNUSED_FUNCTION = YES;
				GCC_WARN_UNUSED_VARIABLE = YES;
				IPHONEOS_DEPLOYMENT_TARGET = 11.4;
				MTL_ENABLE_DEBUG_INFO = YES;
				ONLY_ACTIVE_ARCH = YES;
				SDKROOT = iphoneos;
				SWIFT_ACTIVE_COMPILATION_CONDITIONS = DEBUG;
				SWIFT_OPTIMIZATION_LEVEL = "-Onone";
			};
			name = Debug;
		};
		E02B5F6621C7A1EC00270B7A /* Release */ = {
			isa = XCBuildConfiguration;
			buildSettings = {
				ALWAYS_SEARCH_USER_PATHS = NO;
				CLANG_ANALYZER_NONNULL = YES;
				CLANG_ANALYZER_NUMBER_OBJECT_CONVERSION = YES_AGGRESSIVE;
				CLANG_CXX_LANGUAGE_STANDARD = "gnu++14";
				CLANG_CXX_LIBRARY = "libc++";
				CLANG_ENABLE_MODULES = YES;
				CLANG_ENABLE_OBJC_ARC = YES;
				CLANG_ENABLE_OBJC_WEAK = YES;
				CLANG_WARN_BLOCK_CAPTURE_AUTORELEASING = YES;
				CLANG_WARN_BOOL_CONVERSION = YES;
				CLANG_WARN_COMMA = YES;
				CLANG_WARN_CONSTANT_CONVERSION = YES;
				CLANG_WARN_DEPRECATED_OBJC_IMPLEMENTATIONS = YES;
				CLANG_WARN_DIRECT_OBJC_ISA_USAGE = YES_ERROR;
				CLANG_WARN_DOCUMENTATION_COMMENTS = YES;
				CLANG_WARN_EMPTY_BODY = YES;
				CLANG_WARN_ENUM_CONVERSION = YES;
				CLANG_WARN_INFINITE_RECURSION = YES;
				CLANG_WARN_INT_CONVERSION = YES;
				CLANG_WARN_NON_LITERAL_NULL_CONVERSION = YES;
				CLANG_WARN_OBJC_IMPLICIT_RETAIN_SELF = YES;
				CLANG_WARN_OBJC_LITERAL_CONVERSION = YES;
				CLANG_WARN_OBJC_ROOT_CLASS = YES_ERROR;
				CLANG_WARN_RANGE_LOOP_ANALYSIS = YES;
				CLANG_WARN_STRICT_PROTOTYPES = YES;
				CLANG_WARN_SUSPICIOUS_MOVE = YES;
				CLANG_WARN_UNGUARDED_AVAILABILITY = YES_AGGRESSIVE;
				CLANG_WARN_UNREACHABLE_CODE = YES;
				CLANG_WARN__DUPLICATE_METHOD_MATCH = YES;
				CODE_SIGN_IDENTITY = "iPhone Developer";
				COPY_PHASE_STRIP = NO;
				DEBUG_INFORMATION_FORMAT = "dwarf-with-dsym";
				ENABLE_NS_ASSERTIONS = NO;
				ENABLE_STRICT_OBJC_MSGSEND = YES;
				GCC_C_LANGUAGE_STANDARD = gnu11;
				GCC_NO_COMMON_BLOCKS = YES;
				GCC_WARN_64_TO_32_BIT_CONVERSION = YES;
				GCC_WARN_ABOUT_RETURN_TYPE = YES_ERROR;
				GCC_WARN_UNDECLARED_SELECTOR = YES;
				GCC_WARN_UNINITIALIZED_AUTOS = YES_AGGRESSIVE;
				GCC_WARN_UNUSED_FUNCTION = YES;
				GCC_WARN_UNUSED_VARIABLE = YES;
				IPHONEOS_DEPLOYMENT_TARGET = 11.4;
				MTL_ENABLE_DEBUG_INFO = NO;
				SDKROOT = iphoneos;
				SWIFT_COMPILATION_MODE = wholemodule;
				SWIFT_OPTIMIZATION_LEVEL = "-O";
				VALIDATE_PRODUCT = YES;
			};
			name = Release;
		};
		E02B5F6821C7A1EC00270B7A /* Debug */ = {
			isa = XCBuildConfiguration;
			buildSettings = {
				ASSETCATALOG_COMPILER_APPICON_NAME = AppIcon;
				CODE_SIGN_STYLE = Automatic;
				INFOPLIST_FILE = GpSwiftLearnOne/Info.plist;
				LD_RUNPATH_SEARCH_PATHS = (
					"$(inherited)",
					"@executable_path/Frameworks",
				);
				PRODUCT_BUNDLE_IDENTIFIER = gp.GpSwiftLearnOne;
				PRODUCT_NAME = "$(TARGET_NAME)";
				SWIFT_VERSION = 4.0;
				TARGETED_DEVICE_FAMILY = "1,2";
			};
			name = Debug;
		};
		E02B5F6921C7A1EC00270B7A /* Release */ = {
			isa = XCBuildConfiguration;
			buildSettings = {
				ASSETCATALOG_COMPILER_APPICON_NAME = AppIcon;
				CODE_SIGN_STYLE = Automatic;
				INFOPLIST_FILE = GpSwiftLearnOne/Info.plist;
				LD_RUNPATH_SEARCH_PATHS = (
					"$(inherited)",
					"@executable_path/Frameworks",
				);
				PRODUCT_BUNDLE_IDENTIFIER = gp.GpSwiftLearnOne;
				PRODUCT_NAME = "$(TARGET_NAME)";
				SWIFT_VERSION = 4.0;
				TARGETED_DEVICE_FAMILY = "1,2";
			};
			name = Release;
		};
		E02B5F6B21C7A1EC00270B7A /* Debug */ = {
			isa = XCBuildConfiguration;
			buildSettings = {
				ALWAYS_EMBED_SWIFT_STANDARD_LIBRARIES = YES;
				BUNDLE_LOADER = "$(TEST_HOST)";
				CODE_SIGN_STYLE = Automatic;
				INFOPLIST_FILE = GpSwiftLearnOneTests/Info.plist;
				LD_RUNPATH_SEARCH_PATHS = (
					"$(inherited)",
					"@executable_path/Frameworks",
					"@loader_path/Frameworks",
				);
				PRODUCT_BUNDLE_IDENTIFIER = gp.GpSwiftLearnOneTests;
				PRODUCT_NAME = "$(TARGET_NAME)";
				SWIFT_VERSION = 4.0;
				TARGETED_DEVICE_FAMILY = "1,2";
				TEST_HOST = "$(BUILT_PRODUCTS_DIR)/GpSwiftLearnOne.app/GpSwiftLearnOne";
			};
			name = Debug;
		};
		E02B5F6C21C7A1EC00270B7A /* Release */ = {
			isa = XCBuildConfiguration;
			buildSettings = {
				ALWAYS_EMBED_SWIFT_STANDARD_LIBRARIES = YES;
				BUNDLE_LOADER = "$(TEST_HOST)";
				CODE_SIGN_STYLE = Automatic;
				INFOPLIST_FILE = GpSwiftLearnOneTests/Info.plist;
				LD_RUNPATH_SEARCH_PATHS = (
					"$(inherited)",
					"@executable_path/Frameworks",
					"@loader_path/Frameworks",
				);
				PRODUCT_BUNDLE_IDENTIFIER = gp.GpSwiftLearnOneTests;
				PRODUCT_NAME = "$(TARGET_NAME)";
				SWIFT_VERSION = 4.0;
				TARGETED_DEVICE_FAMILY = "1,2";
				TEST_HOST = "$(BUILT_PRODUCTS_DIR)/GpSwiftLearnOne.app/GpSwiftLearnOne";
			};
			name = Release;
		};
		E02B5F6E21C7A1EC00270B7A /* Debug */ = {
			isa = XCBuildConfiguration;
			buildSettings = {
				ALWAYS_EMBED_SWIFT_STANDARD_LIBRARIES = YES;
				CODE_SIGN_STYLE = Automatic;
				INFOPLIST_FILE = GpSwiftLearnOneUITests/Info.plist;
				LD_RUNPATH_SEARCH_PATHS = (
					"$(inherited)",
					"@executable_path/Frameworks",
					"@loader_path/Frameworks",
				);
				PRODUCT_BUNDLE_IDENTIFIER = gp.GpSwiftLearnOneUITests;
				PRODUCT_NAME = "$(TARGET_NAME)";
				SWIFT_VERSION = 4.0;
				TARGETED_DEVICE_FAMILY = "1,2";
				TEST_TARGET_NAME = GpSwiftLearnOne;
			};
			name = Debug;
		};
		E02B5F6F21C7A1EC00270B7A /* Release */ = {
			isa = XCBuildConfiguration;
			buildSettings = {
				ALWAYS_EMBED_SWIFT_STANDARD_LIBRARIES = YES;
				CODE_SIGN_STYLE = Automatic;
				INFOPLIST_FILE = GpSwiftLearnOneUITests/Info.plist;
				LD_RUNPATH_SEARCH_PATHS = (
					"$(inherited)",
					"@executable_path/Frameworks",
					"@loader_path/Frameworks",
				);
				PRODUCT_BUNDLE_IDENTIFIER = gp.GpSwiftLearnOneUITests;
				PRODUCT_NAME = "$(TARGET_NAME)";
				SWIFT_VERSION = 4.0;
				TARGETED_DEVICE_FAMILY = "1,2";
				TEST_TARGET_NAME = GpSwiftLearnOne;
			};
			name = Release;
		};
/* End XCBuildConfiguration section */

/* Begin XCConfigurationList section */
		E02B5F3A21C7A1EA00270B7A /* Build configuration list for PBXProject "GpSwiftLearnOne" */ = {
			isa = XCConfigurationList;
			buildConfigurations = (
				E02B5F6521C7A1EC00270B7A /* Debug */,
				E02B5F6621C7A1EC00270B7A /* Release */,
			);
			defaultConfigurationIsVisible = 0;
			defaultConfigurationName = Release;
		};
		E02B5F6721C7A1EC00270B7A /* Build configuration list for PBXNativeTarget "GpSwiftLearnOne" */ = {
			isa = XCConfigurationList;
			buildConfigurations = (
				E02B5F6821C7A1EC00270B7A /* Debug */,
				E02B5F6921C7A1EC00270B7A /* Release */,
			);
			defaultConfigurationIsVisible = 0;
			defaultConfigurationName = Release;
		};
		E02B5F6A21C7A1EC00270B7A /* Build configuration list for PBXNativeTarget "GpSwiftLearnOneTests" */ = {
			isa = XCConfigurationList;
			buildConfigurations = (
				E02B5F6B21C7A1EC00270B7A /* Debug */,
				E02B5F6C21C7A1EC00270B7A /* Release */,
			);
			defaultConfigurationIsVisible = 0;
			defaultConfigurationName = Release;
		};
		E02B5F6D21C7A1EC00270B7A /* Build configuration list for PBXNativeTarget "GpSwiftLearnOneUITests" */ = {
			isa = XCConfigurationList;
			buildConfigurations = (
				E02B5F6E21C7A1EC00270B7A /* Debug */,
				E02B5F6F21C7A1EC00270B7A /* Release */,
			);
			defaultConfigurationIsVisible = 0;
			defaultConfigurationName = Release;
		};
/* End XCConfigurationList section */
	};
	rootObject = E02B5F3721C7A1EA00270B7A /* Project object */;
}
